
Microsoft Visual Studio Solution File, Format Version 12.00
# Visual Studio Version 17
VisualStudioVersion = 17.4.33213.308
MinimumVisualStudioVersion = 10.0.40219.1
Project("{FAE04EC0-301F-11D3-BF4B-00C04F79EFBC}") = "modul4_1302210046", "modul4_1302210046.csproj", "{5C07F7E6-3016-4E49-BE85-DB4E06618200}"
EndProject
Global
	GlobalSection(SolutionConfigurationPlatforms) = preSolution
		Debug|Any CPU = Debug|Any CPU
		Release|Any CPU = Release|Any CPU
	EndGlobalSection
	GlobalSection(ProjectConfigurationPlatforms) = postSolution
		{5C07F7E6-3016-4E49-BE85-DB4E06618200}.Debug|Any CPU.ActiveCfg = Debug|Any CPU
		{5C07F7E6-3016-4E49-BE85-DB4E06618200}.Debug|Any CPU.Build.0 = Debug|Any CPU
		{5C07F7E6-3016-4E49-BE85-DB4E06618200}.Release|Any CPU.ActiveCfg = Release|Any CPU
		{5C07F7E6-3016-4E49-BE85-DB4E06618200}.Release|Any CPU.Build.0 = Release|Any CPU
	EndGlobalSection
	GlobalSection(SolutionProperties) = preSolution
		HideSolutionNode = FALSE
	EndGlobalSection
	GlobalSection(ExtensibilityGlobals) = postSolution
		SolutionGuid = {A29DE633-B9E8-471F-ADFA-D675B9409FDF}
	EndGlobalSection
EndGlobal
